
Microsoft Visual Studio Solution File, Format Version 12.00
# Visual Studio Version 16
VisualStudioVersion = 16.0.30225.117
MinimumVisualStudioVersion = 10.0.40219.1
Project("{FAE04EC0-301F-11D3-BF4B-00C04F79EFBC}") = "Netcore-bookstore", "Netcore-bookstore\Netcore-bookstore.csproj", "{8A06FD24-D9CC-4FB7-9D82-9B833937C197}"
EndProject
Global
	GlobalSection(SolutionConfigurationPlatforms) = preSolution
		Debug|Any CPU = Debug|Any CPU
		Release|Any CPU = Release|Any CPU
	EndGlobalSection
	GlobalSection(ProjectConfigurationPlatforms) = postSolution
		{8A06FD24-D9CC-4FB7-9D82-9B833937C197}.Debug|Any CPU.ActiveCfg = Debug|Any CPU
		{8A06FD24-D9CC-4FB7-9D82-9B833937C197}.Debug|Any CPU.Build.0 = Debug|Any CPU
		{8A06FD24-D9CC-4FB7-9D82-9B833937C197}.Release|Any CPU.ActiveCfg = Release|Any CPU
		{8A06FD24-D9CC-4FB7-9D82-9B833937C197}.Release|Any CPU.Build.0 = Release|Any CPU
	EndGlobalSection
	GlobalSection(SolutionProperties) = preSolution
		HideSolutionNode = FALSE
	EndGlobalSection
	GlobalSection(ExtensibilityGlobals) = postSolution
		SolutionGuid = {3A232A99-BDC5-498B-9213-4A6D253BA666}
	EndGlobalSection
EndGlobal
